
Microsoft Visual Studio Solution File, Format Version 12.00
# Visual Studio Version 17
VisualStudioVersion = 17.9.34728.123
MinimumVisualStudioVersion = 10.0.40219.1
Project("{9A19103F-16F7-4668-BE54-9A1E7A4F7556}") = "cyber", "cyber\cyber.csproj", "{9460ACB2-58E1-4DCC-9C02-D5B9FBA75358}"
EndProject
Project("{FAE04EC0-301F-11D3-BF4B-00C04F79EFBC}") = "PasswordDbFunction", "PasswordDbFunction\PasswordDbFunction.csproj", "{A2A3A175-84D9-4223-ACDB-2EDAC9947A53}"
EndProject
Global
	GlobalSection(SolutionConfigurationPlatforms) = preSolution
		Debug|Any CPU = Debug|Any CPU
		Release|Any CPU = Release|Any CPU
	EndGlobalSection
	GlobalSection(ProjectConfigurationPlatforms) = postSolution
		{9460ACB2-58E1-4DCC-9C02-D5B9FBA75358}.Debug|Any CPU.ActiveCfg = Debug|Any CPU
		{9460ACB2-58E1-4DCC-9C02-D5B9FBA75358}.Debug|Any CPU.Build.0 = Debug|Any CPU
		{9460ACB2-58E1-4DCC-9C02-D5B9FBA75358}.Release|Any CPU.ActiveCfg = Release|Any CPU
		{9460ACB2-58E1-4DCC-9C02-D5B9FBA75358}.Release|Any CPU.Build.0 = Release|Any CPU
		{A2A3A175-84D9-4223-ACDB-2EDAC9947A53}.Debug|Any CPU.ActiveCfg = Debug|Any CPU
		{A2A3A175-84D9-4223-ACDB-2EDAC9947A53}.Debug|Any CPU.Build.0 = Debug|Any CPU
		{A2A3A175-84D9-4223-ACDB-2EDAC9947A53}.Release|Any CPU.ActiveCfg = Release|Any CPU
		{A2A3A175-84D9-4223-ACDB-2EDAC9947A53}.Release|Any CPU.Build.0 = Release|Any CPU
	EndGlobalSection
	GlobalSection(SolutionProperties) = preSolution
		HideSolutionNode = FALSE
	EndGlobalSection
	GlobalSection(ExtensibilityGlobals) = postSolution
		SolutionGuid = {8E0358C6-13CE-4FA2-BF16-8BDFF603E3F8}
	EndGlobalSection
EndGlobal
