
Microsoft Visual Studio Solution File, Format Version 12.00
# Visual Studio Version 17
VisualStudioVersion = 17.5.002.0
MinimumVisualStudioVersion = 10.0.40219.1
Project("{9A19103F-16F7-4668-BE54-9A1E7A4F7556}") = "PasswordApi", "PasswordApi.csproj", "{9075DEA5-754A-40E1-9F44-D44C9D2FBEBA}"
EndProject
Global
	GlobalSection(SolutionConfigurationPlatforms) = preSolution
		Debug|Any CPU = Debug|Any CPU
		Release|Any CPU = Release|Any CPU
	EndGlobalSection
	GlobalSection(ProjectConfigurationPlatforms) = postSolution
		{9075DEA5-754A-40E1-9F44-D44C9D2FBEBA}.Debug|Any CPU.ActiveCfg = Debug|Any CPU
		{9075DEA5-754A-40E1-9F44-D44C9D2FBEBA}.Debug|Any CPU.Build.0 = Debug|Any CPU
		{9075DEA5-754A-40E1-9F44-D44C9D2FBEBA}.Release|Any CPU.ActiveCfg = Release|Any CPU
		{9075DEA5-754A-40E1-9F44-D44C9D2FBEBA}.Release|Any CPU.Build.0 = Release|Any CPU
	EndGlobalSection
	GlobalSection(SolutionProperties) = preSolution
		HideSolutionNode = FALSE
	EndGlobalSection
	GlobalSection(ExtensibilityGlobals) = postSolution
		SolutionGuid = {9B2BE4E9-E8ED-4F37-9A40-51D6329A1AEA}
	EndGlobalSection
EndGlobal
